
Microsoft Visual Studio Solution File, Format Version 12.00
Project("{2150E333-8FDC-42A3-9474-1A3956D46DE8}") = "SolutionItems", "SolutionItems", "{06256BAB-C0F0-4E25-8AF5-4CBD95CA879D}"
EndProject
Project("{2150E333-8FDC-42A3-9474-1A3956D46DE8}") = "BookManagement", "BookManagement", "{18EACF37-E913-464C-B282-2C8A74094506}"
EndProject
Project("{2150E333-8FDC-42A3-9474-1A3956D46DE8}") = "Domain", "Domain", "{D5004EC6-2459-4EED-AC67-E69C2CB36B38}"
EndProject
Project("{2150E333-8FDC-42A3-9474-1A3956D46DE8}") = "Tests", "Tests", "{4F61F382-58D8-41E3-8684-5D6B3236CDD8}"
EndProject
Project("{2150E333-8FDC-42A3-9474-1A3956D46DE8}") = "Infrastructure", "Infrastructure", "{59AC15E9-245C-4D54-974D-51073EE956B1}"
EndProject
Project("{2150E333-8FDC-42A3-9474-1A3956D46DE8}") = "Application", "Application", "{1CAF794D-AA14-47A6-BA55-833B8F89D794}"
EndProject
Project("{2150E333-8FDC-42A3-9474-1A3956D46DE8}") = "Tools", "Tools", "{8E6EF3F7-39C0-445B-B6D2-FB09275CCF7A}"
EndProject
Project("{2150E333-8FDC-42A3-9474-1A3956D46DE8}") = "API", "API", "{1DD194AA-5C8D-4A8A-98D5-1E5AE090DDC8}"
EndProject
Project("{2150E333-8FDC-42A3-9474-1A3956D46DE8}") = "BackgroundTasks", "BackgroundTasks", "{4CDFA60A-6B60-42FC-A5CC-DDCB7C2B43EF}"
EndProject
Project("{FAE04EC0-301F-11D3-BF4B-00C04F79EFBC}") = "BookManagement.Domain", "src\BookManagement\Domain\BookManagement.Domain\BookManagement.Domain.csproj", "{F15FB7E0-2015-4A24-AAC2-AFCABF8DDDF0}"
EndProject
Project("{FAE04EC0-301F-11D3-BF4B-00C04F79EFBC}") = "BookManagement.Infrastructure", "src\BookManagement\Infrastructure\BookManagement.Infrastructure\BookManagement.Infrastructure.csproj", "{7F95106A-D77B-40F2-903C-89CD1B750DDD}"
EndProject
Project("{FAE04EC0-301F-11D3-BF4B-00C04F79EFBC}") = "BookManagement.Application", "src\BookManagement\Application\BookManagement.Application\BookManagement.Application.csproj", "{D0500541-A26F-4414-93B3-B393F04E5091}"
EndProject
Project("{FAE04EC0-301F-11D3-BF4B-00C04F79EFBC}") = "BookManagement.BackgroundTasks", "src\BookManagement\BackgroundTasks\BookManagement.BackgroundTasks\BookManagement.BackgroundTasks.csproj", "{F7670EEE-0A45-404A-8601-FA131E8A62E9}"
EndProject
Project("{FAE04EC0-301F-11D3-BF4B-00C04F79EFBC}") = "BookManagement.API", "src\BookManagement\API\BookManagement.API\BookManagement.API.csproj", "{98FE6CDD-2BC8-45F1-AA00-9AA741D64C38}"
EndProject
Project("{2150E333-8FDC-42A3-9474-1A3956D46DE8}") = "UnitTests", "UnitTests", "{F787F971-8D0A-46D4-920D-AC7E30FBFD44}"
EndProject
Project("{FAE04EC0-301F-11D3-BF4B-00C04F79EFBC}") = "BookManagement.UnitTests.Domain", "src\BookManagement\Tests\UnitTests\BookManagement.UnitTests.Domain\BookManagement.UnitTests.Domain.csproj", "{B759AF42-A661-43D7-8D46-33C0D04CC96D}"
EndProject
Project("{FAE04EC0-301F-11D3-BF4B-00C04F79EFBC}") = "BookManagement.Tool", "src\BookManagement\Tools\BookManagement.Tool\BookManagement.Tool.csproj", "{70939846-300A-4753-AA71-6975ADE0F8CE}"
EndProject
Global
	GlobalSection(SolutionConfigurationPlatforms) = preSolution
		Debug|Any CPU = Debug|Any CPU
		Release|Any CPU = Release|Any CPU
	EndGlobalSection
	GlobalSection(NestedProjects) = preSolution
		{D5004EC6-2459-4EED-AC67-E69C2CB36B38} = {18EACF37-E913-464C-B282-2C8A74094506}
		{4F61F382-58D8-41E3-8684-5D6B3236CDD8} = {18EACF37-E913-464C-B282-2C8A74094506}
		{59AC15E9-245C-4D54-974D-51073EE956B1} = {18EACF37-E913-464C-B282-2C8A74094506}
		{1CAF794D-AA14-47A6-BA55-833B8F89D794} = {18EACF37-E913-464C-B282-2C8A74094506}
		{8E6EF3F7-39C0-445B-B6D2-FB09275CCF7A} = {18EACF37-E913-464C-B282-2C8A74094506}
		{1DD194AA-5C8D-4A8A-98D5-1E5AE090DDC8} = {18EACF37-E913-464C-B282-2C8A74094506}
		{4CDFA60A-6B60-42FC-A5CC-DDCB7C2B43EF} = {18EACF37-E913-464C-B282-2C8A74094506}
		{F15FB7E0-2015-4A24-AAC2-AFCABF8DDDF0} = {D5004EC6-2459-4EED-AC67-E69C2CB36B38}
		{7F95106A-D77B-40F2-903C-89CD1B750DDD} = {59AC15E9-245C-4D54-974D-51073EE956B1}
		{D0500541-A26F-4414-93B3-B393F04E5091} = {1CAF794D-AA14-47A6-BA55-833B8F89D794}
		{F7670EEE-0A45-404A-8601-FA131E8A62E9} = {4CDFA60A-6B60-42FC-A5CC-DDCB7C2B43EF}
		{98FE6CDD-2BC8-45F1-AA00-9AA741D64C38} = {1DD194AA-5C8D-4A8A-98D5-1E5AE090DDC8}
		{F787F971-8D0A-46D4-920D-AC7E30FBFD44} = {4F61F382-58D8-41E3-8684-5D6B3236CDD8}
		{B759AF42-A661-43D7-8D46-33C0D04CC96D} = {F787F971-8D0A-46D4-920D-AC7E30FBFD44}
		{70939846-300A-4753-AA71-6975ADE0F8CE} = {8E6EF3F7-39C0-445B-B6D2-FB09275CCF7A}
	EndGlobalSection
	GlobalSection(ProjectConfigurationPlatforms) = postSolution
		{F15FB7E0-2015-4A24-AAC2-AFCABF8DDDF0}.Debug|Any CPU.ActiveCfg = Debug|Any CPU
		{F15FB7E0-2015-4A24-AAC2-AFCABF8DDDF0}.Debug|Any CPU.Build.0 = Debug|Any CPU
		{F15FB7E0-2015-4A24-AAC2-AFCABF8DDDF0}.Release|Any CPU.ActiveCfg = Release|Any CPU
		{F15FB7E0-2015-4A24-AAC2-AFCABF8DDDF0}.Release|Any CPU.Build.0 = Release|Any CPU
		{7F95106A-D77B-40F2-903C-89CD1B750DDD}.Debug|Any CPU.ActiveCfg = Debug|Any CPU
		{7F95106A-D77B-40F2-903C-89CD1B750DDD}.Debug|Any CPU.Build.0 = Debug|Any CPU
		{7F95106A-D77B-40F2-903C-89CD1B750DDD}.Release|Any CPU.ActiveCfg = Release|Any CPU
		{7F95106A-D77B-40F2-903C-89CD1B750DDD}.Release|Any CPU.Build.0 = Release|Any CPU
		{D0500541-A26F-4414-93B3-B393F04E5091}.Debug|Any CPU.ActiveCfg = Debug|Any CPU
		{D0500541-A26F-4414-93B3-B393F04E5091}.Debug|Any CPU.Build.0 = Debug|Any CPU
		{D0500541-A26F-4414-93B3-B393F04E5091}.Release|Any CPU.ActiveCfg = Release|Any CPU
		{D0500541-A26F-4414-93B3-B393F04E5091}.Release|Any CPU.Build.0 = Release|Any CPU
		{F7670EEE-0A45-404A-8601-FA131E8A62E9}.Debug|Any CPU.ActiveCfg = Debug|Any CPU
		{F7670EEE-0A45-404A-8601-FA131E8A62E9}.Debug|Any CPU.Build.0 = Debug|Any CPU
		{F7670EEE-0A45-404A-8601-FA131E8A62E9}.Release|Any CPU.ActiveCfg = Release|Any CPU
		{F7670EEE-0A45-404A-8601-FA131E8A62E9}.Release|Any CPU.Build.0 = Release|Any CPU
		{98FE6CDD-2BC8-45F1-AA00-9AA741D64C38}.Debug|Any CPU.ActiveCfg = Debug|Any CPU
		{98FE6CDD-2BC8-45F1-AA00-9AA741D64C38}.Debug|Any CPU.Build.0 = Debug|Any CPU
		{98FE6CDD-2BC8-45F1-AA00-9AA741D64C38}.Release|Any CPU.ActiveCfg = Release|Any CPU
		{98FE6CDD-2BC8-45F1-AA00-9AA741D64C38}.Release|Any CPU.Build.0 = Release|Any CPU
		{B759AF42-A661-43D7-8D46-33C0D04CC96D}.Debug|Any CPU.ActiveCfg = Debug|Any CPU
		{B759AF42-A661-43D7-8D46-33C0D04CC96D}.Debug|Any CPU.Build.0 = Debug|Any CPU
		{B759AF42-A661-43D7-8D46-33C0D04CC96D}.Release|Any CPU.ActiveCfg = Release|Any CPU
		{B759AF42-A661-43D7-8D46-33C0D04CC96D}.Release|Any CPU.Build.0 = Release|Any CPU
		{70939846-300A-4753-AA71-6975ADE0F8CE}.Debug|Any CPU.ActiveCfg = Debug|Any CPU
		{70939846-300A-4753-AA71-6975ADE0F8CE}.Debug|Any CPU.Build.0 = Debug|Any CPU
		{70939846-300A-4753-AA71-6975ADE0F8CE}.Release|Any CPU.ActiveCfg = Release|Any CPU
		{70939846-300A-4753-AA71-6975ADE0F8CE}.Release|Any CPU.Build.0 = Release|Any CPU
	EndGlobalSection
EndGlobal
